
Microsoft Visual Studio Solution File, Format Version 12.00
# Visual Studio Version 17
VisualStudioVersion = 17.14.36915.13
MinimumVisualStudioVersion = 10.0.40219.1
Project("{FAE04EC0-301F-11D3-BF4B-00C04F79EFBC}") = "OtoRehber", "OtoRehber\OtoRehber.csproj", "{EB782AB1-0C9D-4F7E-A16B-006F76008E90}"
EndProject
Project("{FAE04EC0-301F-11D3-BF4B-00C04F79EFBC}") = "OtoRehber.Domain", "OtoRehber.Domain\OtoRehber.Domain.csproj", "{0BC32A83-5335-41D0-A7E1-E2C705CAB2E0}"
EndProject
Project("{FAE04EC0-301F-11D3-BF4B-00C04F79EFBC}") = "OtoRehber.Infrastructure", "OtoRehber.Infrastructure\OtoRehber.Infrastructure.csproj", "{287A2F1C-4309-4273-ACC1-419B1546A8FB}"
EndProject
Global
	GlobalSection(SolutionConfigurationPlatforms) = preSolution
		Debug|Any CPU = Debug|Any CPU
		Debug|x64 = Debug|x64
		Debug|x86 = Debug|x86
		Release|Any CPU = Release|Any CPU
		Release|x64 = Release|x64
		Release|x86 = Release|x86
	EndGlobalSection
	GlobalSection(ProjectConfigurationPlatforms) = postSolution
		{EB782AB1-0C9D-4F7E-A16B-006F76008E90}.Debug|Any CPU.ActiveCfg = Debug|Any CPU
		{EB782AB1-0C9D-4F7E-A16B-006F76008E90}.Debug|Any CPU.Build.0 = Debug|Any CPU
		{EB782AB1-0C9D-4F7E-A16B-006F76008E90}.Debug|x64.ActiveCfg = Debug|Any CPU
		{EB782AB1-0C9D-4F7E-A16B-006F76008E90}.Debug|x64.Build.0 = Debug|Any CPU
		{EB782AB1-0C9D-4F7E-A16B-006F76008E90}.Debug|x86.ActiveCfg = Debug|Any CPU
		{EB782AB1-0C9D-4F7E-A16B-006F76008E90}.Debug|x86.Build.0 = Debug|Any CPU
		{EB782AB1-0C9D-4F7E-A16B-006F76008E90}.Release|Any CPU.ActiveCfg = Release|Any CPU
		{EB782AB1-0C9D-4F7E-A16B-006F76008E90}.Release|Any CPU.Build.0 = Release|Any CPU
		{EB782AB1-0C9D-4F7E-A16B-006F76008E90}.Release|x64.ActiveCfg = Release|Any CPU
		{EB782AB1-0C9D-4F7E-A16B-006F76008E90}.Release|x64.Build.0 = Release|Any CPU
		{EB782AB1-0C9D-4F7E-A16B-006F76008E90}.Release|x86.ActiveCfg = Release|Any CPU
		{EB782AB1-0C9D-4F7E-A16B-006F76008E90}.Release|x86.Build.0 = Release|Any CPU
		{0BC32A83-5335-41D0-A7E1-E2C705CAB2E0}.Debug|Any CPU.ActiveCfg = Debug|Any CPU
		{0BC32A83-5335-41D0-A7E1-E2C705CAB2E0}.Debug|Any CPU.Build.0 = Debug|Any CPU
		{0BC32A83-5335-41D0-A7E1-E2C705CAB2E0}.Debug|x64.ActiveCfg = Debug|Any CPU
		{0BC32A83-5335-41D0-A7E1-E2C705CAB2E0}.Debug|x64.Build.0 = Debug|Any CPU
		{0BC32A83-5335-41D0-A7E1-E2C705CAB2E0}.Debug|x86.ActiveCfg = Debug|Any CPU
		{0BC32A83-5335-41D0-A7E1-E2C705CAB2E0}.Debug|x86.Build.0 = Debug|Any CPU
		{0BC32A83-5335-41D0-A7E1-E2C705CAB2E0}.Release|Any CPU.ActiveCfg = Release|Any CPU
		{0BC32A83-5335-41D0-A7E1-E2C705CAB2E0}.Release|Any CPU.Build.0 = Release|Any CPU
		{0BC32A83-5335-41D0-A7E1-E2C705CAB2E0}.Release|x64.ActiveCfg = Release|Any CPU
		{0BC32A83-5335-41D0-A7E1-E2C705CAB2E0}.Release|x64.Build.0 = Release|Any CPU
		{0BC32A83-5335-41D0-A7E1-E2C705CAB2E0}.Release|x86.ActiveCfg = Release|Any CPU
		{0BC32A83-5335-41D0-A7E1-E2C705CAB2E0}.Release|x86.Build.0 = Release|Any CPU
		{287A2F1C-4309-4273-ACC1-419B1546A8FB}.Debug|Any CPU.ActiveCfg = Debug|Any CPU
		{287A2F1C-4309-4273-ACC1-419B1546A8FB}.Debug|Any CPU.Build.0 = Debug|Any CPU
		{287A2F1C-4309-4273-ACC1-419B1546A8FB}.Debug|x64.ActiveCfg = Debug|Any CPU
		{287A2F1C-4309-4273-ACC1-419B1546A8FB}.Debug|x64.Build.0 = Debug|Any CPU
		{287A2F1C-4309-4273-ACC1-419B1546A8FB}.Debug|x86.ActiveCfg = Debug|Any CPU
		{287A2F1C-4309-4273-ACC1-419B1546A8FB}.Debug|x86.Build.0 = Debug|Any CPU
		{287A2F1C-4309-4273-ACC1-419B1546A8FB}.Release|Any CPU.ActiveCfg = Release|Any CPU
		{287A2F1C-4309-4273-ACC1-419B1546A8FB}.Release|Any CPU.Build.0 = Release|Any CPU
		{287A2F1C-4309-4273-ACC1-419B1546A8FB}.Release|x64.ActiveCfg = Release|Any CPU
		{287A2F1C-4309-4273-ACC1-419B1546A8FB}.Release|x64.Build.0 = Release|Any CPU
		{287A2F1C-4309-4273-ACC1-419B1546A8FB}.Release|x86.ActiveCfg = Release|Any CPU
		{287A2F1C-4309-4273-ACC1-419B1546A8FB}.Release|x86.Build.0 = Release|Any CPU
	EndGlobalSection
	GlobalSection(SolutionProperties) = preSolution
		HideSolutionNode = FALSE
	EndGlobalSection
	GlobalSection(ExtensibilityGlobals) = postSolution
		SolutionGuid = {85326EF9-4C12-46A6-8F9F-4F32210BAABF}
	EndGlobalSection
EndGlobal
